
Microsoft Visual Studio Solution File, Format Version 12.00
# Visual Studio Version 17
VisualStudioVersion = 17.10.34928.147
MinimumVisualStudioVersion = 10.0.40219.1
Project("{FAE04EC0-301F-11D3-BF4B-00C04F79EFBC}") = "ManageCitizens", "ManageCitizens\ManageCitizens.csproj", "{FBAAE62C-9FBA-4C80-A113-A938D13897A5}"
EndProject
Global
	GlobalSection(SolutionConfigurationPlatforms) = preSolution
		Debug|Any CPU = Debug|Any CPU
		Release|Any CPU = Release|Any CPU
	EndGlobalSection
	GlobalSection(ProjectConfigurationPlatforms) = postSolution
		{FBAAE62C-9FBA-4C80-A113-A938D13897A5}.Debug|Any CPU.ActiveCfg = Debug|Any CPU
		{FBAAE62C-9FBA-4C80-A113-A938D13897A5}.Debug|Any CPU.Build.0 = Debug|Any CPU
		{FBAAE62C-9FBA-4C80-A113-A938D13897A5}.Release|Any CPU.ActiveCfg = Release|Any CPU
		{FBAAE62C-9FBA-4C80-A113-A938D13897A5}.Release|Any CPU.Build.0 = Release|Any CPU
	EndGlobalSection
	GlobalSection(SolutionProperties) = preSolution
		HideSolutionNode = FALSE
	EndGlobalSection
	GlobalSection(ExtensibilityGlobals) = postSolution
		SolutionGuid = {A642CE09-2631-4642-944E-7874A9A278ED}
	EndGlobalSection
EndGlobal
